{
  "version": "5",
  "specifiers": {
    "jsr:@sauber/table@0.1.0": "0.1.0",
    "npm:ansi-regex@*": "6.0.1",
    "npm:ansi-regex@^6.2.2": "6.2.2",
    "npm:citty@~0.1.6": "0.1.6",
    "npm:dedent@^1.7.0": "1.7.0"
  },
  "jsr": {
    "@sauber/table@0.1.0": {
      "integrity": "528a02e0023c9e4aa00e438bebd9224263e718fac35fe833bc80b937e3d5ae65"
    }
  },
  "npm": {
    "ansi-regex@6.0.1": {
      "integrity": "sha512-n5M855fKb2SsfMIiFFoVrABHJC8QtHwVx+mHWP3QcEqBHYienj5dHSgjbxtC0WEZXYt4wcD6zrQElDPhFuZgfA=="
    },
    "ansi-regex@6.2.2": {
      "integrity": "sha512-Bq3SmSpyFHaWjPk8If9yc6svM8c56dB5BAtW4Qbw5jHTwwXXcTLoRMkpDJp6VL0XzlWaCHTXrkFURMYmD0sLqg=="
    },
    "citty@0.1.6": {
      "integrity": "sha512-tskPPKEs8D2KPafUypv2gxwJP8h/OaJmC82QQGGDQcHvXX43xF2VDACcJVmZ0EuSxkpO9Kc4MlrA3q0+FG58AQ==",
      "dependencies": [
        "consola"
      ]
    },
    "consola@3.2.3": {
      "integrity": "sha512-I5qxpzLv+sJhTVEoLYNcTW+bThDCPsit0vLNKShZx6rLtpilNpmmeTPaeqJb9ZE9dV3DGaeby6Vuhrw38WjeyQ=="
    },
    "dedent@1.7.0": {
      "integrity": "sha512-HGFtf8yhuhGhqO07SV79tRp+br4MnbdjeVxotpn1QBl30pcLLCQjX5b2295ll0fv8RKDKsmWYrl05usHM9CewQ=="
    }
  },
  "workspace": {
    "dependencies": [
      "jsr:@sauber/table@0.1.0",
      "npm:ansi-regex@^6.2.2",
      "npm:citty@~0.1.6",
      "npm:dedent@^1.7.0"
    ]
  }
}
