{
  "version": "3",
  "packages": {
    "specifiers": {
      "jsr:@sauber/table@0.1.0": "jsr:@sauber/table@0.1.0",
      "jsr:@std/cli": "jsr:@std/cli@1.0.0",
      "jsr:@std/cli@^1.0.0": "jsr:@std/cli@1.0.0",
      "npm:ansi-regex": "npm:ansi-regex@6.0.1",
      "npm:dedent@^1.5.3": "npm:dedent@1.5.3"
    },
    "jsr": {
      "@sauber/table@0.1.0": {
        "integrity": "528a02e0023c9e4aa00e438bebd9224263e718fac35fe833bc80b937e3d5ae65"
      },
      "@std/cli@1.0.0": {
        "integrity": "3c38f1da21bff0d25a9e6d97139ef2eb9ba334b5910da92c0169b44f38655f08"
      }
    },
    "npm": {
      "ansi-regex@6.0.1": {
        "integrity": "sha512-n5M855fKb2SsfMIiFFoVrABHJC8QtHwVx+mHWP3QcEqBHYienj5dHSgjbxtC0WEZXYt4wcD6zrQElDPhFuZgfA==",
        "dependencies": {}
      },
      "dedent@1.5.3": {
        "integrity": "sha512-NHQtfOOW68WD8lgypbLA5oT+Bt0xXJhiYvoR6SmmNXZfpzOGXwdKWmcwG8N7PwVVWV3eF/68nmD9BaJSsTBhyQ==",
        "dependencies": {}
      }
    }
  },
  "remote": {},
  "workspace": {
    "dependencies": [
      "jsr:@sauber/table@0.1.0",
      "jsr:@std/cli@^1.0.0",
      "npm:dedent@^1.5.3"
    ]
  }
}
